Microsoft Visual Studio Solution File, Format Version 12.00
# Visual Studio Version 17
VisualStudioVersion = 17.5.2.0
MinimumVisualStudioVersion = 10.0.40219.1
Project("{FAE04EC0-301F-11D3-BF4B-00C04F79EFBC}") = "BugLoggerApi", "BugLoggerApi.csproj", "{AE30D132-245C-7842-425C-D93643838D0B}"
EndProject
Global
	GlobalSection(SolutionConfigurationPlatforms) = preSolution
		Debug|Any CPU = Debug|Any CPU
		Release|Any CPU = Release|Any CPU
	EndGlobalSection
	GlobalSection(ProjectConfigurationPlatforms) = postSolution
		{AE30D132-245C-7842-425C-D93643838D0B}.Debug|Any CPU.ActiveCfg = Debug|Any CPU
		{AE30D132-245C-7842-425C-D93643838D0B}.Debug|Any CPU.Build.0 = Debug|Any CPU
		{AE30D132-245C-7842-425C-D93643838D0B}.Release|Any CPU.ActiveCfg = Release|Any CPU
		{AE30D132-245C-7842-425C-D93643838D0B}.Release|Any CPU.Build.0 = Release|Any CPU
	EndGlobalSection
	GlobalSection(SolutionProperties) = preSolution
		HideSolutionNode = FALSE
	EndGlobalSection
	GlobalSection(ExtensibilityGlobals) = postSolution
		SolutionGuid = {10AEE119-DC97-4E0A-8320-F42A5C676CAF}
	EndGlobalSection
EndGlobal
